// !$*UTF8*$!
{
	archiveVersion = 1;
	classes = {
	};
	objectVersion = 50;
	objects = {

/* Begin PBXBuildFile section */
		EF5024DE24D2A96A00553816 /* AppDelegate.swift in Sources */ = {isa = PBXBuildFile; fileRef = EF5024DD24D2A96A00553816 /* AppDelegate.swift */; };
		EF5024E024D2A96A00553816 /* SceneDelegate.swift in Sources */ = {isa = PBXBuildFile; fileRef = EF5024DF24D2A96A00553816 /* SceneDelegate.swift */; };
		EF5024E224D2A96A00553816 /* ContentView.swift in Sources */ = {isa = PBXBuildFile; fileRef = EF5024E124D2A96A00553816 /* ContentView.swift */; };
		EF5024E424D2A96C00553816 /* Assets.xcassets in Resources */ = {isa = PBXBuildFile; fileRef = EF5024E324D2A96C00553816 /* Assets.xcassets */; };
		EF5024E724D2A96C00553816 /* Preview Assets.xcassets in Resources */ = {isa = PBXBuildFile; fileRef = EF5024E624D2A96C00553816 /* Preview Assets.xcassets */; };
		EF5024EA24D2A96C00553816 /* LaunchScreen.storyboard in Resources */ = {isa = PBXBuildFile; fileRef = EF5024E824D2A96C00553816 /* LaunchScreen.storyboard */; };
/* End PBXBuildFile section */

/* Begin PBXFileReference section */
		EF5024DA24D2A96A00553816 /* PlusMinus.app */ = {isa = PBXFileReference; explicitFileType = wrapper.application; includeInIndex = 0; path = PlusMinus.app; sourceTree = BUILT_PRODUCTS_DIR; };
		EF5024DD24D2A96A00553816 /* AppDelegate.swift */ = {isa = PBXFileReference; lastKnownFileType = sourcecode.swift; path = AppDelegate.swift; sourceTree = "<group>"; };
		EF5024DF24D2A96A00553816 /* SceneDelegate.swift */ = {isa = PBXFileReference; lastKnownFileType = sourcecode.swift; path = SceneDelegate.swift; sourceTree = "<group>"; };
		EF5024E124D2A96A00553816 /* ContentView.swift */ = {isa = PBXFileReference; lastKnownFileType = sourcecode.swift; path = ContentView.swift; sourceTree = "<group>"; };
		EF5024E324D2A96C00553816 /* Assets.xcassets */ = {isa = PBXFileReference; lastKnownFileType = folder.assetcatalog; path = Assets.xcassets; sourceTree = "<group>"; };
		EF5024E624D2A96C00553816 /* Preview Assets.xcassets */ = {isa = PBXFileReference; lastKnownFileType = folder.assetcatalog; path = "Preview Assets.xcassets"; sourceTree = "<group>"; };
		EF5024E924D2A96C00553816 /* Base */ = {isa = PBXFileReference; lastKnownFileType = file.storyboard; name = Base; path = Base.lproj/LaunchScreen.storyboard; sourceTree = "<group>"; };
		EF5024EB24D2A96C00553816 /* Info.plist */ = {isa = PBXFileReference; lastKnownFileType = text.plist.xml; path = Info.plist; sourceTree = "<group>"; };
/* End PBXFileReference section */

/* Begin PBXFrameworksBuildPhase section */
		EF5024D724D2A96900553816 /* Frameworks */ = {
			isa = PBXFrameworksBuildPhase;
			buildActionMask = 2147483647;
			files = (
			);
			runOnlyForDeploymentPostprocessing = 0;
		};
/* End PBXFrameworksBuildPhase section */

/* Begin PBXGroup section */
		EF5024D124D2A96900553816 = {
			isa = PBXGroup;
			children = (
				EF5024DC24D2A96A00553816 /* PlusMinus */,
				EF5024DB24D2A96A00553816 /* Products */,
			);
			sourceTree = "<group>";
		};
		EF5024DB24D2A96A00553816 /* Products */ = {
			isa = PBXGroup;
			children = (
				EF5024DA24D2A96A00553816 /* PlusMinus.app */,
			);
			name = Products;
			sourceTree = "<group>";
		};
		EF5024DC24D2A96A00553816 /* PlusMinus */ = {
			isa = PBXGroup;
			children = (
				EF5024DD24D2A96A00553816 /* AppDelegate.swift */,
				EF5024DF24D2A96A00553816 /* SceneDelegate.swift */,
				EF5024E124D2A96A00553816 /* ContentView.swift */,
				EF5024E324D2A96C00553816 /* Assets.xcassets */,
				EF5024E824D2A96C00553816 /* LaunchScreen.storyboard */,
				EF5024EB24D2A96C00553816 /* Info.plist */,
				EF5024E524D2A96C00553816 /* Preview Content */,
			);
			path = PlusMinus;
			sourceTree = "<group>";
		};
		EF5024E524D2A96C00553816 /* Preview Content */ = {
			isa = PBXGroup;
			children = (
				EF5024E624D2A96C00553816 /* Preview Assets.xcassets */,
			);
			path = "Preview Content";
			sourceTree = "<group>";
		};
/* End PBXGroup section */

/* Begin PBXNativeTarget section */
		EF5024D924D2A96900553816 /* PlusMinus */ = {
			isa = PBXNativeTarget;
			buildConfigurationList = EF5024EE24D2A96C00553816 /* Build configuration list for PBXNativeTarget "PlusMinus" */;
			buildPhases = (
				EF5024D624D2A96900553816 /* Sources */,
				EF5024D724D2A96900553816 /* Frameworks */,
				EF5024D824D2A96900553816 /* Resources */,
			);
			buildRules = (
			);
			dependencies = (
			);
			name = PlusMinus;
			productName = PlusMinus;
			productReference = EF5024DA24D2A96A00553816 /* PlusMinus.app */;
			productType = "com.apple.product-type.application";
		};
/* End PBXNativeTarget section */

/* Begin PBXProject section */
		EF5024D224D2A96900553816 /* Project object */ = {
			isa = PBXProject;
			attributes = {
				LastSwiftUpdateCheck = 1160;
				LastUpgradeCheck = 1160;
				ORGANIZATIONNAME = COCOBLUE;
				TargetAttributes = {
					EF5024D924D2A96900553816 = {
						CreatedOnToolsVersion = 11.6;
					};
				};
			};
			buildConfigurationList = EF5024D524D2A96900553816 /* Build configuration list for PBXProject "PlusMinus" */;
			compatibilityVersion = "Xcode 9.3";
			developmentRegion = en;
			hasScannedForEncodings = 0;
			knownRegions = (
				en,
				Base,
			);
			mainGroup = EF5024D124D2A96900553816;
			productRefGroup = EF5024DB24D2A96A00553816 /* Products */;
			projectDirPath = "";
			projectRoot = "";
			targets = (
				EF5024D924D2A96900553816 /* PlusMinus */,
			);
		};
/* End PBXProject section */

/* Begin PBXResourcesBuildPhase section */
		EF5024D824D2A96900553816 /* Resources */ = {
			isa = PBXResourcesBuildPhase;
			buildActionMask = 2147483647;
			files = (
				EF5024EA24D2A96C00553816 /* LaunchScreen.storyboard in Resources */,
				EF5024E724D2A96C00553816 /* Preview Assets.xcassets in Resources */,
				EF5024E424D2A96C00553816 /* Assets.xcassets in Resources */,
			);
			runOnlyForDeploymentPostprocessing = 0;
		};
/* End PBXResourcesBuildPhase section */

/* Begin PBXSourcesBuildPhase section */
		EF5024D624D2A96900553816 /* Sources */ = {
			isa = PBXSourcesBuildPhase;
			buildActionMask = 2147483647;
			files = (
				EF5024DE24D2A96A00553816 /* AppDelegate.swift in Sources */,
				EF5024E024D2A96A00553816 /* SceneDelegate.swift in Sources */,
				EF5024E224D2A96A00553816 /* ContentView.swift in Sources */,
			);
			runOnlyForDeploymentPostprocessing = 0;
		};
/* End PBXSourcesBuildPhase section */

/* Begin PBXVariantGroup section */
		EF5024E824D2A96C00553816 /* LaunchScreen.storyboard */ = {
			isa = PBXVariantGroup;
			children = (
				EF5024E924D2A96C00553816 /* Base */,
			);
			name = LaunchScreen.storyboard;
			sourceTree = "<group>";
		};
/* End PBXVariantGroup section */

/* Begin XCBuildConfiguration section */
		EF5024EC24D2A96C00553816 /* Debug */ = {
			isa = XCBuildConfiguration;
			buildSettings = {
				ALWAYS_SEARCH_USER_PATHS = NO;
				CLANG_ANALYZER_NONNULL = YES;
				CLANG_ANALYZER_NUMBER_OBJECT_CONVERSION = YES_AGGRESSIVE;
				CLANG_CXX_LANGUAGE_STANDARD = "gnu++14";
				CLANG_CXX_LIBRARY = "libc++";
				CLANG_ENABLE_MODULES = YES;
				CLANG_ENABLE_OBJC_ARC = YES;
				CLANG_ENABLE_OBJC_WEAK = YES;
				CLANG_WARN_BLOCK_CAPTURE_AUTORELEASING = YES;
				CLANG_WARN_BOOL_CONVERSION = YES;
				CLANG_WARN_COMMA = YES;
				CLANG_WARN_CONSTANT_CONVERSION = YES;
				CLANG_WARN_DEPRECATED_OBJC_IMPLEMENTATIONS = YES;
				CLANG_WARN_DIRECT_OBJC_ISA_USAGE = YES_ERROR;
				CLANG_WARN_DOCUMENTATION_COMMENTS = YES;
				CLANG_WARN_EMPTY_BODY = YES;
				CLANG_WARN_ENUM_CONVERSION = YES;
				CLANG_WARN_INFINITE_RECURSION = YES;
				CLANG_WARN_INT_CONVERSION = YES;
				CLANG_WARN_NON_LITERAL_NULL_CONVERSION = YES;
				CLANG_WARN_OBJC_IMPLICIT_RETAIN_SELF = YES;
				CLANG_WARN_OBJC_LITERAL_CONVERSION = YES;
				CLANG_WARN_OBJC_ROOT_CLASS = YES_ERROR;
				CLANG_WARN_RANGE_LOOP_ANALYSIS = YES;
				CLANG_WARN_STRICT_PROTOTYPES = YES;
				CLANG_WARN_SUSPICIOUS_MOVE = YES;
				CLANG_WARN_UNGUARDED_AVAILABILITY = YES_AGGRESSIVE;
				CLANG_WARN_UNREACHABLE_CODE = YES;
				CLANG_WARN__DUPLICATE_METHOD_MATCH = YES;
				COPY_PHASE_STRIP = NO;
				DEBUG_INFORMATION_FORMAT = dwarf;
				ENABLE_STRICT_OBJC_MSGSEND = YES;
				ENABLE_TESTABILITY = YES;
				GCC_C_LANGUAGE_STANDARD = gnu11;
				GCC_DYNAMIC_NO_PIC = NO;
				GCC_NO_COMMON_BLOCKS = YES;
				GCC_OPTIMIZATION_LEVEL = 0;
				GCC_PREPROCESSOR_DEFINITIONS = (
					"DEBUG=1",
					"$(inherited)",
				);
				GCC_WARN_64_TO_32_BIT_CONVERSION = YES;
				GCC_WARN_ABOUT_RETURN_TYPE = YES_ERROR;
				GCC_WARN_UNDECLARED_SELECTOR = YES;
				GCC_WARN_UNINITIALIZED_AUTOS = YES_AGGRESSIVE;
				GCC_WARN_UNUSED_FUNCTION = YES;
				GCC_WARN_UNUSED_VARIABLE = YES;
				IPHONEOS_DEPLOYMENT_TARGET = 13.6;
				MTL_ENABLE_DEBUG_INFO = INCLUDE_SOURCE;
				MTL_FAST_MATH = YES;
				ONLY_ACTIVE_ARCH = YES;
				SDKROOT = iphoneos;
				SWIFT_ACTIVE_COMPILATION_CONDITIONS = DEBUG;
				SWIFT_OPTIMIZATION_LEVEL = "-Onone";
			};
			name = Debug;
		};
		EF5024ED24D2A96C00553816 /* Release */ = {
			isa = XCBuildConfiguration;
			buildSettings = {
				ALWAYS_SEARCH_USER_PATHS = NO;
				CLANG_ANALYZER_NONNULL = YES;
				CLANG_ANALYZER_NUMBER_OBJECT_CONVERSION = YES_AGGRESSIVE;
				CLANG_CXX_LANGUAGE_STANDARD = "gnu++14";
				CLANG_CXX_LIBRARY = "libc++";
				CLANG_ENABLE_MODULES = YES;
				CLANG_ENABLE_OBJC_ARC = YES;
				CLANG_ENABLE_OBJC_WEAK = YES;
				CLANG_WARN_BLOCK_CAPTURE_AUTORELEASING = YES;
				CLANG_WARN_BOOL_CONVERSION = YES;
				CLANG_WARN_COMMA = YES;
				CLANG_WARN_CONSTANT_CONVERSION = YES;
				CLANG_WARN_DEPRECATED_OBJC_IMPLEMENTATIONS = YES;
				CLANG_WARN_DIRECT_OBJC_ISA_USAGE = YES_ERROR;
				CLANG_WARN_DOCUMENTATION_COMMENTS = YES;
				CLANG_WARN_EMPTY_BODY = YES;
				CLANG_WARN_ENUM_CONVERSION = YES;
				CLANG_WARN_INFINITE_RECURSION = YES;
				CLANG_WARN_INT_CONVERSION = YES;
				CLANG_WARN_NON_LITERAL_NULL_CONVERSION = YES;
				CLANG_WARN_OBJC_IMPLICIT_RETAIN_SELF = YES;
				CLANG_WARN_OBJC_LITERAL_CONVERSION = YES;
				CLANG_WARN_OBJC_ROOT_CLASS = YES_ERROR;
				CLANG_WARN_RANGE_LOOP_ANALYSIS = YES;
				CLANG_WARN_STRICT_PROTOTYPES = YES;
				CLANG_WARN_SUSPICIOUS_MOVE = YES;
				CLANG_WARN_UNGUARDED_AVAILABILITY = YES_AGGRESSIVE;
				CLANG_WARN_UNREACHABLE_CODE = YES;
				CLANG_WARN__DUPLICATE_METHOD_MATCH = YES;
				COPY_PHASE_STRIP = NO;
				DEBUG_INFORMATION_FORMAT = "dwarf-with-dsym";
				ENABLE_NS_ASSERTIONS = NO;
				ENABLE_STRICT_OBJC_MSGSEND = YES;
				GCC_C_LANGUAGE_STANDARD = gnu11;
				GCC_NO_COMMON_BLOCKS = YES;
				GCC_WARN_64_TO_32_BIT_CONVERSION = YES;
				GCC_WARN_ABOUT_RETURN_TYPE = YES_ERROR;
				GCC_WARN_UNDECLARED_SELECTOR = YES;
				GCC_WARN_UNINITIALIZED_AUTOS = YES_AGGRESSIVE;
				GCC_WARN_UNUSED_FUNCTION = YES;
				GCC_WARN_UNUSED_VARIABLE = YES;
				IPHONEOS_DEPLOYMENT_TARGET = 13.6;
				MTL_ENABLE_DEBUG_INFO = NO;
				MTL_FAST_MATH = YES;
				SDKROOT = iphoneos;
				SWIFT_COMPILATION_MODE = wholemodule;
				SWIFT_OPTIMIZATION_LEVEL = "-O";
				VALIDATE_PRODUCT = YES;
			};
			name = Release;
		};
		EF5024EF24D2A96C00553816 /* Debug */ = {
			isa = XCBuildConfiguration;
			buildSettings = {
				ASSETCATALOG_COMPILER_APPICON_NAME = AppIcon;
				CODE_SIGN_STYLE = Automatic;
				DEVELOPMENT_ASSET_PATHS = "\"PlusMinus/Preview Content\"";
				ENABLE_PREVIEWS = YES;
				INFOPLIST_FILE = PlusMinus/Info.plist;
				LD_RUNPATH_SEARCH_PATHS = (
					"$(inherited)",
					"@executable_path/Frameworks",
				);
				PRODUCT_BUNDLE_IDENTIFIER = cocoblue.PlusMinus;
				PRODUCT_NAME = "$(TARGET_NAME)";
				SWIFT_VERSION = 5.0;
				TARGETED_DEVICE_FAMILY = "1,2";
			};
			name = Debug;
		};
		EF5024F024D2A96C00553816 /* Release */ = {
			isa = XCBuildConfiguration;
			buildSettings = {
				ASSETCATALOG_COMPILER_APPICON_NAME = AppIcon;
				CODE_SIGN_STYLE = Automatic;
				DEVELOPMENT_ASSET_PATHS = "\"PlusMinus/Preview Content\"";
				ENABLE_PREVIEWS = YES;
				INFOPLIST_FILE = PlusMinus/Info.plist;
				LD_RUNPATH_SEARCH_PATHS = (
					"$(inherited)",
					"@executable_path/Frameworks",
				);
				PRODUCT_BUNDLE_IDENTIFIER = cocoblue.PlusMinus;
				PRODUCT_NAME = "$(TARGET_NAME)";
				SWIFT_VERSION = 5.0;
				TARGETED_DEVICE_FAMILY = "1,2";
			};
			name = Release;
		};
/* End XCBuildConfiguration section */

/* Begin XCConfigurationList section */
		EF5024D524D2A96900553816 /* Build configuration list for PBXProject "PlusMinus" */ = {
			isa = XCConfigurationList;
			buildConfigurations = (
				EF5024EC24D2A96C00553816 /* Debug */,
				EF5024ED24D2A96C00553816 /* Release */,
			);
			defaultConfigurationIsVisible = 0;
			defaultConfigurationName = Release;
		};
		EF5024EE24D2A96C00553816 /* Build configuration list for PBXNativeTarget "PlusMinus" */ = {
			isa = XCConfigurationList;
			buildConfigurations = (
				EF5024EF24D2A96C00553816 /* Debug */,
				EF5024F024D2A96C00553816 /* Release */,
			);
			defaultConfigurationIsVisible = 0;
			defaultConfigurationName = Release;
		};
/* End XCConfigurationList section */
	};
	rootObject = EF5024D224D2A96900553816 /* Project object */;
}
